
Microsoft Visual Studio Solution File, Format Version 12.00
# Visual Studio Version 17
VisualStudioVersion = 17.5.33530.505
MinimumVisualStudioVersion = 10.0.40219.1
Project("{FAE04EC0-301F-11D3-BF4B-00C04F79EFBC}") = "ITMO.WinCSCourse2023.Lab01.task01", "ITMO.WinCSCourse2023.Lab01.task01\ITMO.WinCSCourse2023.Lab01.task01.csproj", "{AFEE3B8A-2C4C-41DE-9FB5-A8F7AB7C4D0B}"
EndProject
Project("{FAE04EC0-301F-11D3-BF4B-00C04F79EFBC}") = "ITMO.WinCSCourse2023.Lab01.task02", "ITMO.WinCSCourse2023.Lab01.task02\ITMO.WinCSCourse2023.Lab01.task02.csproj", "{45F56C9E-40E8-43A3-87BD-CAD8AB6D6B2A}"
EndProject
Project("{FAE04EC0-301F-11D3-BF4B-00C04F79EFBC}") = "ITMO.WinCSCourse2023.Lab01.task03", "ITMO.WinCSCourse2023.Lab01.task03\ITMO.WinCSCourse2023.Lab01.task03.csproj", "{330125B1-95FF-46A8-B3A8-108F2A07297F}"
EndProject
Project("{FAE04EC0-301F-11D3-BF4B-00C04F79EFBC}") = "ITMO.WinCSCourse2023.Lab01.task04", "ITMO.WinCSCourse2023.Lab01.task04\ITMO.WinCSCourse2023.Lab01.task04.csproj", "{308F2550-B7B8-4201-8460-EA278F25CB0D}"
EndProject
Project("{FAE04EC0-301F-11D3-BF4B-00C04F79EFBC}") = "ITMO.WinCSCourse2023.Lab01.task05.01", "ITMO.WinCSCourse2023.Lab01.task05.01\ITMO.WinCSCourse2023.Lab01.task05.01.csproj", "{266C79AA-DFF7-4879-ADBD-71D6A3C7C6A2}"
EndProject
Project("{FAE04EC0-301F-11D3-BF4B-00C04F79EFBC}") = "ITMO.WinCSCourse2023.Lab01.task05.02", "ITMO.WinCSCourse2023.Lab01.task05.02\ITMO.WinCSCourse2023.Lab01.task05.02.csproj", "{1A15E381-88E8-4819-8EFC-2F209D290DA8}"
EndProject
Project("{FAE04EC0-301F-11D3-BF4B-00C04F79EFBC}") = "ITMO.WinCSCourse2023.Lab02.task02", "ITMO.WinCSCourse2023.Lab02.task02\ITMO.WinCSCourse2023.Lab02.task02.csproj", "{78CE1CB3-3254-43C1-90A3-A5D69A50174A}"
EndProject
Project("{FAE04EC0-301F-11D3-BF4B-00C04F79EFBC}") = "ITMO.WinCSCourse2023.Lab02.task05_WinContainer", "ITMO.WinCSCourse2023.Lab02.task04_WinContainer\ITMO.WinCSCourse2023.Lab02.task05_WinContainer.csproj", "{0FFBE4C3-43D4-43BA-8B9E-99750793A58A}"
EndProject
Project("{FAE04EC0-301F-11D3-BF4B-00C04F79EFBC}") = "ITMO.WinCSCourse2023.Lab02.task01", "ITMO.WinCSCourse2023.lab02.task01\ITMO.WinCSCourse2023.Lab02.task01.csproj", "{B37EE6E7-DE88-4D10-B350-4B00744D1FF2}"
EndProject
Project("{FAE04EC0-301F-11D3-BF4B-00C04F79EFBC}") = "ITMO.WinCSCourse2023.Lab02.task06_BiblForm", "ITMO.WinCSCourse2023.Lab02.task06_BiblForm\ITMO.WinCSCourse2023.Lab02.task06_BiblForm.csproj", "{C2A90781-5F70-4CC4-9990-39FA2449AF9E}"
EndProject
Project("{FAE04EC0-301F-11D3-BF4B-00C04F79EFBC}") = "ITMO.WinCSCourse2023.Lab02.task07_RegistrationForm", "ITMO.WinCSCourse2023.Lab02.task07_RegistrationForm\ITMO.WinCSCourse2023.Lab02.task07_RegistrationForm.csproj", "{E7EC1673-7CE5-4549-994D-69A686F22983}"
EndProject
Project("{FAE04EC0-301F-11D3-BF4B-00C04F79EFBC}") = "ITMO.WinCSCourse2023.Lab03.task01_WinTimer1", "ITMO.WinCSCourse2023.Lab02.task07_WinTimer1\ITMO.WinCSCourse2023.Lab03.task01_WinTimer1.csproj", "{AA89FC5B-7214-4181-81EC-4FCA9699C300}"
EndProject
Project("{2150E333-8FDC-42A3-9474-1A3956D46DE8}") = "ITMO.WinCSCourse2023.Lab01", "ITMO.WinCSCourse2023.Lab01", "{EC1B5CB3-866F-4F17-8CC0-08ADE5046935}"
EndProject
Project("{2150E333-8FDC-42A3-9474-1A3956D46DE8}") = "ITMO.WinCSCourse2023.Lab02", "ITMO.WinCSCourse2023.Lab02", "{FCFF5CCC-DB6B-4437-8A3E-1E22D8E9BD83}"
EndProject
Project("{2150E333-8FDC-42A3-9474-1A3956D46DE8}") = "ITMO.WinCSCourse2023.Lab03", "ITMO.WinCSCourse2023.Lab03", "{463D82E3-2265-4D30-A9C3-24743CEB5C2A}"
EndProject
Global
	GlobalSection(SolutionConfigurationPlatforms) = preSolution
		Debug|Any CPU = Debug|Any CPU
		Release|Any CPU = Release|Any CPU
	EndGlobalSection
	GlobalSection(ProjectConfigurationPlatforms) = postSolution
		{AFEE3B8A-2C4C-41DE-9FB5-A8F7AB7C4D0B}.Debug|Any CPU.ActiveCfg = Debug|Any CPU
		{AFEE3B8A-2C4C-41DE-9FB5-A8F7AB7C4D0B}.Debug|Any CPU.Build.0 = Debug|Any CPU
		{AFEE3B8A-2C4C-41DE-9FB5-A8F7AB7C4D0B}.Release|Any CPU.ActiveCfg = Release|Any CPU
		{AFEE3B8A-2C4C-41DE-9FB5-A8F7AB7C4D0B}.Release|Any CPU.Build.0 = Release|Any CPU
		{45F56C9E-40E8-43A3-87BD-CAD8AB6D6B2A}.Debug|Any CPU.ActiveCfg = Debug|Any CPU
		{45F56C9E-40E8-43A3-87BD-CAD8AB6D6B2A}.Debug|Any CPU.Build.0 = Debug|Any CPU
		{45F56C9E-40E8-43A3-87BD-CAD8AB6D6B2A}.Release|Any CPU.ActiveCfg = Release|Any CPU
		{45F56C9E-40E8-43A3-87BD-CAD8AB6D6B2A}.Release|Any CPU.Build.0 = Release|Any CPU
		{330125B1-95FF-46A8-B3A8-108F2A07297F}.Debug|Any CPU.ActiveCfg = Debug|Any CPU
		{330125B1-95FF-46A8-B3A8-108F2A07297F}.Debug|Any CPU.Build.0 = Debug|Any CPU
		{330125B1-95FF-46A8-B3A8-108F2A07297F}.Release|Any CPU.ActiveCfg = Release|Any CPU
		{330125B1-95FF-46A8-B3A8-108F2A07297F}.Release|Any CPU.Build.0 = Release|Any CPU
		{308F2550-B7B8-4201-8460-EA278F25CB0D}.Debug|Any CPU.ActiveCfg = Debug|Any CPU
		{308F2550-B7B8-4201-8460-EA278F25CB0D}.Debug|Any CPU.Build.0 = Debug|Any CPU
		{308F2550-B7B8-4201-8460-EA278F25CB0D}.Release|Any CPU.ActiveCfg = Release|Any CPU
		{308F2550-B7B8-4201-8460-EA278F25CB0D}.Release|Any CPU.Build.0 = Release|Any CPU
		{266C79AA-DFF7-4879-ADBD-71D6A3C7C6A2}.Debug|Any CPU.ActiveCfg = Debug|Any CPU
		{266C79AA-DFF7-4879-ADBD-71D6A3C7C6A2}.Debug|Any CPU.Build.0 = Debug|Any CPU
		{266C79AA-DFF7-4879-ADBD-71D6A3C7C6A2}.Release|Any CPU.ActiveCfg = Release|Any CPU
		{266C79AA-DFF7-4879-ADBD-71D6A3C7C6A2}.Release|Any CPU.Build.0 = Release|Any CPU
		{1A15E381-88E8-4819-8EFC-2F209D290DA8}.Debug|Any CPU.ActiveCfg = Debug|Any CPU
		{1A15E381-88E8-4819-8EFC-2F209D290DA8}.Debug|Any CPU.Build.0 = Debug|Any CPU
		{1A15E381-88E8-4819-8EFC-2F209D290DA8}.Release|Any CPU.ActiveCfg = Release|Any CPU
		{1A15E381-88E8-4819-8EFC-2F209D290DA8}.Release|Any CPU.Build.0 = Release|Any CPU
		{78CE1CB3-3254-43C1-90A3-A5D69A50174A}.Debug|Any CPU.ActiveCfg = Debug|Any CPU
		{78CE1CB3-3254-43C1-90A3-A5D69A50174A}.Debug|Any CPU.Build.0 = Debug|Any CPU
		{78CE1CB3-3254-43C1-90A3-A5D69A50174A}.Release|Any CPU.ActiveCfg = Release|Any CPU
		{78CE1CB3-3254-43C1-90A3-A5D69A50174A}.Release|Any CPU.Build.0 = Release|Any CPU
		{0FFBE4C3-43D4-43BA-8B9E-99750793A58A}.Debug|Any CPU.ActiveCfg = Debug|Any CPU
		{0FFBE4C3-43D4-43BA-8B9E-99750793A58A}.Debug|Any CPU.Build.0 = Debug|Any CPU
		{0FFBE4C3-43D4-43BA-8B9E-99750793A58A}.Release|Any CPU.ActiveCfg = Release|Any CPU
		{0FFBE4C3-43D4-43BA-8B9E-99750793A58A}.Release|Any CPU.Build.0 = Release|Any CPU
		{B37EE6E7-DE88-4D10-B350-4B00744D1FF2}.Debug|Any CPU.ActiveCfg = Debug|Any CPU
		{B37EE6E7-DE88-4D10-B350-4B00744D1FF2}.Debug|Any CPU.Build.0 = Debug|Any CPU
		{B37EE6E7-DE88-4D10-B350-4B00744D1FF2}.Release|Any CPU.ActiveCfg = Release|Any CPU
		{B37EE6E7-DE88-4D10-B350-4B00744D1FF2}.Release|Any CPU.Build.0 = Release|Any CPU
		{C2A90781-5F70-4CC4-9990-39FA2449AF9E}.Debug|Any CPU.ActiveCfg = Debug|Any CPU
		{C2A90781-5F70-4CC4-9990-39FA2449AF9E}.Debug|Any CPU.Build.0 = Debug|Any CPU
		{C2A90781-5F70-4CC4-9990-39FA2449AF9E}.Release|Any CPU.ActiveCfg = Release|Any CPU
		{C2A90781-5F70-4CC4-9990-39FA2449AF9E}.Release|Any CPU.Build.0 = Release|Any CPU
		{E7EC1673-7CE5-4549-994D-69A686F22983}.Debug|Any CPU.ActiveCfg = Debug|Any CPU
		{E7EC1673-7CE5-4549-994D-69A686F22983}.Debug|Any CPU.Build.0 = Debug|Any CPU
		{E7EC1673-7CE5-4549-994D-69A686F22983}.Release|Any CPU.ActiveCfg = Release|Any CPU
		{E7EC1673-7CE5-4549-994D-69A686F22983}.Release|Any CPU.Build.0 = Release|Any CPU
		{AA89FC5B-7214-4181-81EC-4FCA9699C300}.Debug|Any CPU.ActiveCfg = Debug|Any CPU
		{AA89FC5B-7214-4181-81EC-4FCA9699C300}.Debug|Any CPU.Build.0 = Debug|Any CPU
		{AA89FC5B-7214-4181-81EC-4FCA9699C300}.Release|Any CPU.ActiveCfg = Release|Any CPU
		{AA89FC5B-7214-4181-81EC-4FCA9699C300}.Release|Any CPU.Build.0 = Release|Any CPU
	EndGlobalSection
	GlobalSection(SolutionProperties) = preSolution
		HideSolutionNode = FALSE
	EndGlobalSection
	GlobalSection(NestedProjects) = preSolution
		{AFEE3B8A-2C4C-41DE-9FB5-A8F7AB7C4D0B} = {EC1B5CB3-866F-4F17-8CC0-08ADE5046935}
		{45F56C9E-40E8-43A3-87BD-CAD8AB6D6B2A} = {EC1B5CB3-866F-4F17-8CC0-08ADE5046935}
		{330125B1-95FF-46A8-B3A8-108F2A07297F} = {EC1B5CB3-866F-4F17-8CC0-08ADE5046935}
		{308F2550-B7B8-4201-8460-EA278F25CB0D} = {EC1B5CB3-866F-4F17-8CC0-08ADE5046935}
		{266C79AA-DFF7-4879-ADBD-71D6A3C7C6A2} = {EC1B5CB3-866F-4F17-8CC0-08ADE5046935}
		{1A15E381-88E8-4819-8EFC-2F209D290DA8} = {EC1B5CB3-866F-4F17-8CC0-08ADE5046935}
		{78CE1CB3-3254-43C1-90A3-A5D69A50174A} = {FCFF5CCC-DB6B-4437-8A3E-1E22D8E9BD83}
		{0FFBE4C3-43D4-43BA-8B9E-99750793A58A} = {FCFF5CCC-DB6B-4437-8A3E-1E22D8E9BD83}
		{B37EE6E7-DE88-4D10-B350-4B00744D1FF2} = {FCFF5CCC-DB6B-4437-8A3E-1E22D8E9BD83}
		{C2A90781-5F70-4CC4-9990-39FA2449AF9E} = {FCFF5CCC-DB6B-4437-8A3E-1E22D8E9BD83}
		{E7EC1673-7CE5-4549-994D-69A686F22983} = {FCFF5CCC-DB6B-4437-8A3E-1E22D8E9BD83}
		{AA89FC5B-7214-4181-81EC-4FCA9699C300} = {463D82E3-2265-4D30-A9C3-24743CEB5C2A}
	EndGlobalSection
	GlobalSection(ExtensibilityGlobals) = postSolution
		SolutionGuid = {C06B4C5F-065D-4A64-9212-108350EA13C4}
	EndGlobalSection
EndGlobal
